// !$*UTF8*$!
{
	archiveVersion = 1;
	classes = {
	};
	objectVersion = 56;
	objects = {

/* Begin PBXBuildFile section */
		DB44A3832C3866A60041F5F5 /* CaptureSymbolApp.swift in Sources */ = {isa = PBXBuildFile; fileRef = DB44A3822C3866A60041F5F5 /* CaptureSymbolApp.swift */; };
		DB44A3872C3866A70041F5F5 /* Assets.xcassets in Resources */ = {isa = PBXBuildFile; fileRef = DB44A3862C3866A70041F5F5 /* Assets.xcassets */; };
		DB44A38A2C3866A70041F5F5 /* Preview Assets.xcassets in Resources */ = {isa = PBXBuildFile; fileRef = DB44A3892C3866A70041F5F5 /* Preview Assets.xcassets */; };
		DB44A3A32C3868880041F5F5 /* WebView.swift in Sources */ = {isa = PBXBuildFile; fileRef = DB44A3A22C3868880041F5F5 /* WebView.swift */; };
		DB44A3AB2C38692A0041F5F5 /* ToastView.swift in Sources */ = {isa = PBXBuildFile; fileRef = DB44A3AA2C38692A0041F5F5 /* ToastView.swift */; };
		DB44A3AF2C3869560041F5F5 /* WebViewError.swift in Sources */ = {isa = PBXBuildFile; fileRef = DB44A3AE2C3869560041F5F5 /* WebViewError.swift */; };
		DB44A3B32C3869910041F5F5 /* HomeView.swift in Sources */ = {isa = PBXBuildFile; fileRef = DB44A3B22C3869910041F5F5 /* HomeView.swift */; };
		DB44A3B52C3869C30041F5F5 /* ScanSheetView.swift in Sources */ = {isa = PBXBuildFile; fileRef = DB44A3B42C3869C30041F5F5 /* ScanSheetView.swift */; };
		DB44A3B72C3869D10041F5F5 /* AuthorizationView.swift in Sources */ = {isa = PBXBuildFile; fileRef = DB44A3B62C3869D10041F5F5 /* AuthorizationView.swift */; };
		DB44A3B92C3869E10041F5F5 /* ScanController.swift in Sources */ = {isa = PBXBuildFile; fileRef = DB44A3B82C3869E10041F5F5 /* ScanController.swift */; };
/* End PBXBuildFile section */

/* Begin PBXFileReference section */
		DB44A37F2C3866A60041F5F5 /* CaptureSymbol.app */ = {isa = PBXFileReference; explicitFileType = wrapper.application; includeInIndex = 0; path = CaptureSymbol.app; sourceTree = BUILT_PRODUCTS_DIR; };
		DB44A3822C3866A60041F5F5 /* CaptureSymbolApp.swift */ = {isa = PBXFileReference; lastKnownFileType = sourcecode.swift; path = CaptureSymbolApp.swift; sourceTree = "<group>"; };
		DB44A3862C3866A70041F5F5 /* Assets.xcassets */ = {isa = PBXFileReference; lastKnownFileType = folder.assetcatalog; path = Assets.xcassets; sourceTree = "<group>"; };
		DB44A3892C3866A70041F5F5 /* Preview Assets.xcassets */ = {isa = PBXFileReference; lastKnownFileType = folder.assetcatalog; path = "Preview Assets.xcassets"; sourceTree = "<group>"; };
		DB44A3A22C3868880041F5F5 /* WebView.swift */ = {isa = PBXFileReference; lastKnownFileType = sourcecode.swift; path = WebView.swift; sourceTree = "<group>"; };
		DB44A3AA2C38692A0041F5F5 /* ToastView.swift */ = {isa = PBXFileReference; lastKnownFileType = sourcecode.swift; path = ToastView.swift; sourceTree = "<group>"; };
		DB44A3AE2C3869560041F5F5 /* WebViewError.swift */ = {isa = PBXFileReference; lastKnownFileType = sourcecode.swift; path = WebViewError.swift; sourceTree = "<group>"; };
		DB44A3B22C3869910041F5F5 /* HomeView.swift */ = {isa = PBXFileReference; lastKnownFileType = sourcecode.swift; path = HomeView.swift; sourceTree = "<group>"; };
		DB44A3B42C3869C30041F5F5 /* ScanSheetView.swift */ = {isa = PBXFileReference; lastKnownFileType = sourcecode.swift; path = ScanSheetView.swift; sourceTree = "<group>"; };
		DB44A3B62C3869D10041F5F5 /* AuthorizationView.swift */ = {isa = PBXFileReference; lastKnownFileType = sourcecode.swift; path = AuthorizationView.swift; sourceTree = "<group>"; };
		DB44A3B82C3869E10041F5F5 /* ScanController.swift */ = {isa = PBXFileReference; lastKnownFileType = sourcecode.swift; path = ScanController.swift; sourceTree = "<group>"; };
/* End PBXFileReference section */

/* Begin PBXFrameworksBuildPhase section */
		DB44A37C2C3866A60041F5F5 /* Frameworks */ = {
			isa = PBXFrameworksBuildPhase;
			buildActionMask = 2147483647;
			files = (
			);
			runOnlyForDeploymentPostprocessing = 0;
		};
/* End PBXFrameworksBuildPhase section */

/* Begin PBXGroup section */
		DB44A3762C3866A60041F5F5 = {
			isa = PBXGroup;
			children = (
				DB44A3812C3866A60041F5F5 /* CaptureSymbol */,
				DB44A3802C3866A60041F5F5 /* Products */,
			);
			sourceTree = "<group>";
		};
		DB44A3802C3866A60041F5F5 /* Products */ = {
			isa = PBXGroup;
			children = (
				DB44A37F2C3866A60041F5F5 /* CaptureSymbol.app */,
			);
			name = Products;
			sourceTree = "<group>";
		};
		DB44A3812C3866A60041F5F5 /* CaptureSymbol */ = {
			isa = PBXGroup;
			children = (
				DB44A3822C3866A60041F5F5 /* CaptureSymbolApp.swift */,
				DB44A3922C3866DC0041F5F5 /* Model */,
				DB44A3912C3866D70041F5F5 /* View */,
				DB44A3902C3866C00041F5F5 /* Controller */,
				DB44A3862C3866A70041F5F5 /* Assets.xcassets */,
				DB44A3882C3866A70041F5F5 /* Preview Content */,
			);
			path = CaptureSymbol;
			sourceTree = "<group>";
		};
		DB44A3882C3866A70041F5F5 /* Preview Content */ = {
			isa = PBXGroup;
			children = (
				DB44A3892C3866A70041F5F5 /* Preview Assets.xcassets */,
			);
			path = "Preview Content";
			sourceTree = "<group>";
		};
		DB44A3902C3866C00041F5F5 /* Controller */ = {
			isa = PBXGroup;
			children = (
				DB44A3B82C3869E10041F5F5 /* ScanController.swift */,
			);
			path = Controller;
			sourceTree = "<group>";
		};
		DB44A3912C3866D70041F5F5 /* View */ = {
			isa = PBXGroup;
			children = (
				DB44A3B22C3869910041F5F5 /* HomeView.swift */,
				DB44A3B42C3869C30041F5F5 /* ScanSheetView.swift */,
				DB44A3B62C3869D10041F5F5 /* AuthorizationView.swift */,
			);
			path = View;
			sourceTree = "<group>";
		};
		DB44A3922C3866DC0041F5F5 /* Model */ = {
			isa = PBXGroup;
			children = (
				DB44A3A22C3868880041F5F5 /* WebView.swift */,
				DB44A3AA2C38692A0041F5F5 /* ToastView.swift */,
				DB44A3AE2C3869560041F5F5 /* WebViewError.swift */,
			);
			path = Model;
			sourceTree = "<group>";
		};
/* End PBXGroup section */

/* Begin PBXNativeTarget section */
		DB44A37E2C3866A60041F5F5 /* CaptureSymbol */ = {
			isa = PBXNativeTarget;
			buildConfigurationList = DB44A38D2C3866A70041F5F5 /* Build configuration list for PBXNativeTarget "CaptureSymbol" */;
			buildPhases = (
				DB44A37B2C3866A60041F5F5 /* Sources */,
				DB44A37C2C3866A60041F5F5 /* Frameworks */,
				DB44A37D2C3866A60041F5F5 /* Resources */,
			);
			buildRules = (
			);
			dependencies = (
			);
			name = CaptureSymbol;
			productName = CaptureSymbol;
			productReference = DB44A37F2C3866A60041F5F5 /* CaptureSymbol.app */;
			productType = "com.apple.product-type.application";
		};
/* End PBXNativeTarget section */

/* Begin PBXProject section */
		DB44A3772C3866A60041F5F5 /* Project object */ = {
			isa = PBXProject;
			attributes = {
				BuildIndependentTargetsInParallel = 1;
				LastSwiftUpdateCheck = 1540;
				LastUpgradeCheck = 1540;
				TargetAttributes = {
					DB44A37E2C3866A60041F5F5 = {
						CreatedOnToolsVersion = 15.4;
					};
				};
			};
			buildConfigurationList = DB44A37A2C3866A60041F5F5 /* Build configuration list for PBXProject "CaptureSymbol" */;
			compatibilityVersion = "Xcode 14.0";
			developmentRegion = en;
			hasScannedForEncodings = 0;
			knownRegions = (
				en,
				Base,
			);
			mainGroup = DB44A3762C3866A60041F5F5;
			productRefGroup = DB44A3802C3866A60041F5F5 /* Products */;
			projectDirPath = "";
			projectRoot = "";
			targets = (
				DB44A37E2C3866A60041F5F5 /* CaptureSymbol */,
			);
		};
/* End PBXProject section */

/* Begin PBXResourcesBuildPhase section */
		DB44A37D2C3866A60041F5F5 /* Resources */ = {
			isa = PBXResourcesBuildPhase;
			buildActionMask = 2147483647;
			files = (
				DB44A38A2C3866A70041F5F5 /* Preview Assets.xcassets in Resources */,
				DB44A3872C3866A70041F5F5 /* Assets.xcassets in Resources */,
			);
			runOnlyForDeploymentPostprocessing = 0;
		};
/* End PBXResourcesBuildPhase section */

/* Begin PBXSourcesBuildPhase section */
		DB44A37B2C3866A60041F5F5 /* Sources */ = {
			isa = PBXSourcesBuildPhase;
			buildActionMask = 2147483647;
			files = (
				DB44A3B52C3869C30041F5F5 /* ScanSheetView.swift in Sources */,
				DB44A3B92C3869E10041F5F5 /* ScanController.swift in Sources */,
				DB44A3B32C3869910041F5F5 /* HomeView.swift in Sources */,
				DB44A3AB2C38692A0041F5F5 /* ToastView.swift in Sources */,
				DB44A3AF2C3869560041F5F5 /* WebViewError.swift in Sources */,
				DB44A3832C3866A60041F5F5 /* CaptureSymbolApp.swift in Sources */,
				DB44A3B72C3869D10041F5F5 /* AuthorizationView.swift in Sources */,
				DB44A3A32C3868880041F5F5 /* WebView.swift in Sources */,
			);
			runOnlyForDeploymentPostprocessing = 0;
		};
/* End PBXSourcesBuildPhase section */

/* Begin XCBuildConfiguration section */
		DB44A38B2C3866A70041F5F5 /* Debug */ = {
			isa = XCBuildConfiguration;
			buildSettings = {
				ALWAYS_SEARCH_USER_PATHS = NO;
				ASSETCATALOG_COMPILER_GENERATE_SWIFT_ASSET_SYMBOL_EXTENSIONS = YES;
				CLANG_ANALYZER_NONNULL = YES;
				CLANG_ANALYZER_NUMBER_OBJECT_CONVERSION = YES_AGGRESSIVE;
				CLANG_CXX_LANGUAGE_STANDARD = "gnu++20";
				CLANG_ENABLE_MODULES = YES;
				CLANG_ENABLE_OBJC_ARC = YES;
				CLANG_ENABLE_OBJC_WEAK = YES;
				CLANG_WARN_BLOCK_CAPTURE_AUTORELEASING = YES;
				CLANG_WARN_BOOL_CONVERSION = YES;
				CLANG_WARN_COMMA = YES;
				CLANG_WARN_CONSTANT_CONVERSION = YES;
				CLANG_WARN_DEPRECATED_OBJC_IMPLEMENTATIONS = YES;
				CLANG_WARN_DIRECT_OBJC_ISA_USAGE = YES_ERROR;
				CLANG_WARN_DOCUMENTATION_COMMENTS = YES;
				CLANG_WARN_EMPTY_BODY = YES;
				CLANG_WARN_ENUM_CONVERSION = YES;
				CLANG_WARN_INFINITE_RECURSION = YES;
				CLANG_WARN_INT_CONVERSION = YES;
				CLANG_WARN_NON_LITERAL_NULL_CONVERSION = YES;
				CLANG_WARN_OBJC_IMPLICIT_RETAIN_SELF = YES;
				CLANG_WARN_OBJC_LITERAL_CONVERSION = YES;
				CLANG_WARN_OBJC_ROOT_CLASS = YES_ERROR;
				CLANG_WARN_QUOTED_INCLUDE_IN_FRAMEWORK_HEADER = YES;
				CLANG_WARN_RANGE_LOOP_ANALYSIS = YES;
				CLANG_WARN_STRICT_PROTOTYPES = YES;
				CLANG_WARN_SUSPICIOUS_MOVE = YES;
				CLANG_WARN_UNGUARDED_AVAILABILITY = YES_AGGRESSIVE;
				CLANG_WARN_UNREACHABLE_CODE = YES;
				CLANG_WARN__DUPLICATE_METHOD_MATCH = YES;
				COPY_PHASE_STRIP = NO;
				DEBUG_INFORMATION_FORMAT = dwarf;
				ENABLE_STRICT_OBJC_MSGSEND = YES;
				ENABLE_TESTABILITY = YES;
				ENABLE_USER_SCRIPT_SANDBOXING = YES;
				GCC_C_LANGUAGE_STANDARD = gnu17;
				GCC_DYNAMIC_NO_PIC = NO;
				GCC_NO_COMMON_BLOCKS = YES;
				GCC_OPTIMIZATION_LEVEL = 0;
				GCC_PREPROCESSOR_DEFINITIONS = (
					"DEBUG=1",
					"$(inherited)",
				);
				GCC_WARN_64_TO_32_BIT_CONVERSION = YES;
				GCC_WARN_ABOUT_RETURN_TYPE = YES_ERROR;
				GCC_WARN_UNDECLARED_SELECTOR = YES;
				GCC_WARN_UNINITIALIZED_AUTOS = YES_AGGRESSIVE;
				GCC_WARN_UNUSED_FUNCTION = YES;
				GCC_WARN_UNUSED_VARIABLE = YES;
				IPHONEOS_DEPLOYMENT_TARGET = 17.5;
				LOCALIZATION_PREFERS_STRING_CATALOGS = YES;
				MTL_ENABLE_DEBUG_INFO = INCLUDE_SOURCE;
				MTL_FAST_MATH = YES;
				ONLY_ACTIVE_ARCH = YES;
				SDKROOT = iphoneos;
				SWIFT_ACTIVE_COMPILATION_CONDITIONS = "DEBUG $(inherited)";
				SWIFT_OPTIMIZATION_LEVEL = "-Onone";
			};
			name = Debug;
		};
		DB44A38C2C3866A70041F5F5 /* Release */ = {
			isa = XCBuildConfiguration;
			buildSettings = {
				ALWAYS_SEARCH_USER_PATHS = NO;
				ASSETCATALOG_COMPILER_GENERATE_SWIFT_ASSET_SYMBOL_EXTENSIONS = YES;
				CLANG_ANALYZER_NONNULL = YES;
				CLANG_ANALYZER_NUMBER_OBJECT_CONVERSION = YES_AGGRESSIVE;
				CLANG_CXX_LANGUAGE_STANDARD = "gnu++20";
				CLANG_ENABLE_MODULES = YES;
				CLANG_ENABLE_OBJC_ARC = YES;
				CLANG_ENABLE_OBJC_WEAK = YES;
				CLANG_WARN_BLOCK_CAPTURE_AUTORELEASING = YES;
				CLANG_WARN_BOOL_CONVERSION = YES;
				CLANG_WARN_COMMA = YES;
				CLANG_WARN_CONSTANT_CONVERSION = YES;
				CLANG_WARN_DEPRECATED_OBJC_IMPLEMENTATIONS = YES;
				CLANG_WARN_DIRECT_OBJC_ISA_USAGE = YES_ERROR;
				CLANG_WARN_DOCUMENTATION_COMMENTS = YES;
				CLANG_WARN_EMPTY_BODY = YES;
				CLANG_WARN_ENUM_CONVERSION = YES;
				CLANG_WARN_INFINITE_RECURSION = YES;
				CLANG_WARN_INT_CONVERSION = YES;
				CLANG_WARN_NON_LITERAL_NULL_CONVERSION = YES;
				CLANG_WARN_OBJC_IMPLICIT_RETAIN_SELF = YES;
				CLANG_WARN_OBJC_LITERAL_CONVERSION = YES;
				CLANG_WARN_OBJC_ROOT_CLASS = YES_ERROR;
				CLANG_WARN_QUOTED_INCLUDE_IN_FRAMEWORK_HEADER = YES;
				CLANG_WARN_RANGE_LOOP_ANALYSIS = YES;
				CLANG_WARN_STRICT_PROTOTYPES = YES;
				CLANG_WARN_SUSPICIOUS_MOVE = YES;
				CLANG_WARN_UNGUARDED_AVAILABILITY = YES_AGGRESSIVE;
				CLANG_WARN_UNREACHABLE_CODE = YES;
				CLANG_WARN__DUPLICATE_METHOD_MATCH = YES;
				COPY_PHASE_STRIP = NO;
				DEBUG_INFORMATION_FORMAT = "dwarf-with-dsym";
				ENABLE_NS_ASSERTIONS = NO;
				ENABLE_STRICT_OBJC_MSGSEND = YES;
				ENABLE_USER_SCRIPT_SANDBOXING = YES;
				GCC_C_LANGUAGE_STANDARD = gnu17;
				GCC_NO_COMMON_BLOCKS = YES;
				GCC_WARN_64_TO_32_BIT_CONVERSION = YES;
				GCC_WARN_ABOUT_RETURN_TYPE = YES_ERROR;
				GCC_WARN_UNDECLARED_SELECTOR = YES;
				GCC_WARN_UNINITIALIZED_AUTOS = YES_AGGRESSIVE;
				GCC_WARN_UNUSED_FUNCTION = YES;
				GCC_WARN_UNUSED_VARIABLE = YES;
				IPHONEOS_DEPLOYMENT_TARGET = 17.5;
				LOCALIZATION_PREFERS_STRING_CATALOGS = YES;
				MTL_ENABLE_DEBUG_INFO = NO;
				MTL_FAST_MATH = YES;
				SDKROOT = iphoneos;
				SWIFT_COMPILATION_MODE = wholemodule;
				VALIDATE_PRODUCT = YES;
			};
			name = Release;
		};
		DB44A38E2C3866A70041F5F5 /* Debug */ = {
			isa = XCBuildConfiguration;
			buildSettings = {
				ASSETCATALOG_COMPILER_APPICON_NAME = AppIcon;
				ASSETCATALOG_COMPILER_GLOBAL_ACCENT_COLOR_NAME = AccentColor;
				CODE_SIGN_STYLE = Automatic;
				CURRENT_PROJECT_VERSION = 1;
				DEVELOPMENT_ASSET_PATHS = "\"CaptureSymbol/Preview Content\"";
				DEVELOPMENT_TEAM = 3U8WFAVDSF;
				ENABLE_PREVIEWS = YES;
				GENERATE_INFOPLIST_FILE = YES;
				INFOPLIST_KEY_NSCameraUsageDescription = "Need to Check Text or QR";
				INFOPLIST_KEY_UIApplicationSceneManifest_Generation = YES;
				INFOPLIST_KEY_UIApplicationSupportsIndirectInputEvents = YES;
				INFOPLIST_KEY_UILaunchScreen_Generation = YES;
				INFOPLIST_KEY_UISupportedInterfaceOrientations_iPad = "UIInterfaceOrientationPortrait UIInterfaceOrientationPortraitUpsideDown UIInterfaceOrientationLandscapeLeft UIInterfaceOrientationLandscapeRight";
				INFOPLIST_KEY_UISupportedInterfaceOrientations_iPhone = "UIInterfaceOrientationPortrait UIInterfaceOrientationLandscapeLeft UIInterfaceOrientationLandscapeRight";
				LD_RUNPATH_SEARCH_PATHS = (
					"$(inherited)",
					"@executable_path/Frameworks",
				);
				MARKETING_VERSION = 1.0;
				PRODUCT_BUNDLE_IDENTIFIER = com.SebastianYanni.CaptureSymbol;
				PRODUCT_NAME = "$(TARGET_NAME)";
				SWIFT_EMIT_LOC_STRINGS = YES;
				SWIFT_VERSION = 5.0;
				TARGETED_DEVICE_FAMILY = "1,2";
			};
			name = Debug;
		};
		DB44A38F2C3866A70041F5F5 /* Release */ = {
			isa = XCBuildConfiguration;
			buildSettings = {
				ASSETCATALOG_COMPILER_APPICON_NAME = AppIcon;
				ASSETCATALOG_COMPILER_GLOBAL_ACCENT_COLOR_NAME = AccentColor;
				CODE_SIGN_STYLE = Automatic;
				CURRENT_PROJECT_VERSION = 1;
				DEVELOPMENT_ASSET_PATHS = "\"CaptureSymbol/Preview Content\"";
				DEVELOPMENT_TEAM = 3U8WFAVDSF;
				ENABLE_PREVIEWS = YES;
				GENERATE_INFOPLIST_FILE = YES;
				INFOPLIST_KEY_NSCameraUsageDescription = "Need to Check Text or QR";
				INFOPLIST_KEY_UIApplicationSceneManifest_Generation = YES;
				INFOPLIST_KEY_UIApplicationSupportsIndirectInputEvents = YES;
				INFOPLIST_KEY_UILaunchScreen_Generation = YES;
				INFOPLIST_KEY_UISupportedInterfaceOrientations_iPad = "UIInterfaceOrientationPortrait UIInterfaceOrientationPortraitUpsideDown UIInterfaceOrientationLandscapeLeft UIInterfaceOrientationLandscapeRight";
				INFOPLIST_KEY_UISupportedInterfaceOrientations_iPhone = "UIInterfaceOrientationPortrait UIInterfaceOrientationLandscapeLeft UIInterfaceOrientationLandscapeRight";
				LD_RUNPATH_SEARCH_PATHS = (
					"$(inherited)",
					"@executable_path/Frameworks",
				);
				MARKETING_VERSION = 1.0;
				PRODUCT_BUNDLE_IDENTIFIER = com.SebastianYanni.CaptureSymbol;
				PRODUCT_NAME = "$(TARGET_NAME)";
				SWIFT_EMIT_LOC_STRINGS = YES;
				SWIFT_VERSION = 5.0;
				TARGETED_DEVICE_FAMILY = "1,2";
			};
			name = Release;
		};
/* End XCBuildConfiguration section */

/* Begin XCConfigurationList section */
		DB44A37A2C3866A60041F5F5 /* Build configuration list for PBXProject "CaptureSymbol" */ = {
			isa = XCConfigurationList;
			buildConfigurations = (
				DB44A38B2C3866A70041F5F5 /* Debug */,
				DB44A38C2C3866A70041F5F5 /* Release */,
			);
			defaultConfigurationIsVisible = 0;
			defaultConfigurationName = Release;
		};
		DB44A38D2C3866A70041F5F5 /* Build configuration list for PBXNativeTarget "CaptureSymbol" */ = {
			isa = XCConfigurationList;
			buildConfigurations = (
				DB44A38E2C3866A70041F5F5 /* Debug */,
				DB44A38F2C3866A70041F5F5 /* Release */,
			);
			defaultConfigurationIsVisible = 0;
			defaultConfigurationName = Release;
		};
/* End XCConfigurationList section */
	};
	rootObject = DB44A3772C3866A60041F5F5 /* Project object */;
}
